<?xml version="1.0" encoding="utf-8"?>
<Project ToolsVersion="4.0" xmlns="http://schemas.microsoft.com/developer/msbuild/2003">
  <ItemGroup>
    <Filter Include="Source Files">
      <UniqueIdentifier>{4FC737F1-C7A5-4376-A066-2A32D752A2FF}</UniqueIdentifier>
      <Extensions>cpp;c;cc;cxx;def;odl;idl;hpj;bat;asm;asmx</Extensions>
    </Filter>
    <Filter Include="Header Files">
      <UniqueIdentifier>{93995380-89BD-4b04-88EB-625FBE52EBFB}</UniqueIdentifier>
      <Extensions>h;hh;hpp;hxx;hm;inl;inc;ipp;xsd</Extensions>
    </Filter>
    <Filter Include="Resource Files">
      <UniqueIdentifier>{67DA6AB6-F800-4c08-8B7A-83BB121AAD01}</UniqueIdentifier>
      <Extensions>rc;ico;cur;bmp;dlg;rc2;rct;bin;rgs;gif;jpg;jpeg;jpe;resx;tiff;tif;png;wav;mfcribbon-ms</Extensions>
    </Filter>
    <Filter Include="Source Files\protocol">
      <UniqueIdentifier>{cc0b6561-94e0-4b15-9035-9a2bf53ca271}</UniqueIdentifier>
    </Filter>
    <Filter Include="Source Files\protocol\package">
      <UniqueIdentifier>{970c4cc4-cfb9-427f-8b70-7f6cf716e1a7}</UniqueIdentifier>
    </Filter>
    <Filter Include="Source Files\config">
      <UniqueIdentifier>{3723cafd-ba31-4b91-8817-07cf72d38625}</UniqueIdentifier>
    </Filter>
    <Filter Include="Source Files\log">
      <UniqueIdentifier>{84667e2e-8723-4153-94ab-42a471ec42a9}</UniqueIdentifier>
    </Filter>
    <Filter Include="Source Files\core">
      <UniqueIdentifier>{332cd812-4617-49de-91d5-b10bf44ccad0}</UniqueIdentifier>
    </Filter>
    <Filter Include="Source Files\database">
      <UniqueIdentifier>{03f44b47-c283-466d-920a-d26bb1009b10}</UniqueIdentifier>
    </Filter>
    <Filter Include="Source Files\core\request">
      <UniqueIdentifier>{68adcd94-dd39-4924-a869-de58e935bbb0}</UniqueIdentifier>
    </Filter>
    <Filter Include="Source Files\core\response">
      <UniqueIdentifier>{09bc644f-d876-4f17-8f00-3b78c98a0f86}</UniqueIdentifier>
    </Filter>
  </ItemGroup>
  <ItemGroup>
    <ClCompile Include="src\main.cpp">
      <Filter>Source Files</Filter>
    </ClCompile>
    <ClCompile Include="src\protocol\protocol.cpp">
      <Filter>Source Files\protocol</Filter>
    </ClCompile>
    <ClCompile Include="src\protocol\package\package.cpp">
      <Filter>Source Files\protocol\package</Filter>
    </ClCompile>
    <ClCompile Include="src\core\core.cpp">
      <Filter>Source Files\core</Filter>
    </ClCompile>
    <ClCompile Include="src\log\log.cpp">
      <Filter>Source Files\log</Filter>
    </ClCompile>
    <ClCompile Include="src\database\database.cpp">
      <Filter>Source Files\database</Filter>
    </ClCompile>
    <ClCompile Include="src\core\request\request.cpp">
      <Filter>Source Files\core\request</Filter>
    </ClCompile>
    <ClCompile Include="src\core\response\response.cpp">
      <Filter>Source Files\core\response</Filter>
    </ClCompile>
  </ItemGroup>
  <ItemGroup>
    <ClInclude Include="src\protocol\protocol.h">
      <Filter>Source Files\protocol</Filter>
    </ClInclude>
    <ClInclude Include="src\protocol\package\package.h">
      <Filter>Source Files\protocol\package</Filter>
    </ClInclude>
    <ClInclude Include="src\config\config.h">
      <Filter>Source Files\config</Filter>
    </ClInclude>
    <ClInclude Include="src\log\log.h">
      <Filter>Source Files\log</Filter>
    </ClInclude>
    <ClInclude Include="src\core\core.h">
      <Filter>Source Files\core</Filter>
    </ClInclude>
    <ClInclude Include="src\database\database.h">
      <Filter>Source Files\database</Filter>
    </ClInclude>
    <ClInclude Include="src\core\request\request.h">
      <Filter>Source Files\core\request</Filter>
    </ClInclude>
    <ClInclude Include="src\core\response\response.h">
      <Filter>Source Files\core\response</Filter>
    </ClInclude>
  </ItemGroup>
</Project>